
Microsoft Visual Studio Solution File, Format Version 12.00
# Visual Studio Version 17
VisualStudioVersion = 17.3.32825.248
MinimumVisualStudioVersion = 10.0.40219.1
Project("{9A19103F-16F7-4668-BE54-9A1E7A4F7556}") = "Demo.Web", "Demo.Web\Demo.Web.csproj", "{81BA09C5-3ED1-41A3-A91B-680897B2E1E0}"
EndProject
Project("{9A19103F-16F7-4668-BE54-9A1E7A4F7556}") = "Demo.DataAccess", "Demo.Data\Demo.DataAccess.csproj", "{8A482B6F-0BBF-4C78-8738-1DF8252680D2}"
EndProject
Project("{9A19103F-16F7-4668-BE54-9A1E7A4F7556}") = "Demo.Domain", "Demo.Domain\Demo.Domain.csproj", "{EC792690-5D01-41EA-BF61-DBF885E461ED}"
EndProject
Project("{FAE04EC0-301F-11D3-BF4B-00C04F79EFBC}") = "Demo.UnitTests", "Demo.UnitTests\Demo.UnitTests.csproj", "{B1F00146-CFBE-4EF0-B460-F2C499BC330F}"
EndProject
Global
	GlobalSection(SolutionConfigurationPlatforms) = preSolution
		Debug|Any CPU = Debug|Any CPU
		Release|Any CPU = Release|Any CPU
	EndGlobalSection
	GlobalSection(ProjectConfigurationPlatforms) = postSolution
		{81BA09C5-3ED1-41A3-A91B-680897B2E1E0}.Debug|Any CPU.ActiveCfg = Debug|Any CPU
		{81BA09C5-3ED1-41A3-A91B-680897B2E1E0}.Debug|Any CPU.Build.0 = Debug|Any CPU
		{81BA09C5-3ED1-41A3-A91B-680897B2E1E0}.Release|Any CPU.ActiveCfg = Release|Any CPU
		{81BA09C5-3ED1-41A3-A91B-680897B2E1E0}.Release|Any CPU.Build.0 = Release|Any CPU
		{8A482B6F-0BBF-4C78-8738-1DF8252680D2}.Debug|Any CPU.ActiveCfg = Debug|Any CPU
		{8A482B6F-0BBF-4C78-8738-1DF8252680D2}.Debug|Any CPU.Build.0 = Debug|Any CPU
		{8A482B6F-0BBF-4C78-8738-1DF8252680D2}.Release|Any CPU.ActiveCfg = Release|Any CPU
		{8A482B6F-0BBF-4C78-8738-1DF8252680D2}.Release|Any CPU.Build.0 = Release|Any CPU
		{EC792690-5D01-41EA-BF61-DBF885E461ED}.Debug|Any CPU.ActiveCfg = Debug|Any CPU
		{EC792690-5D01-41EA-BF61-DBF885E461ED}.Debug|Any CPU.Build.0 = Debug|Any CPU
		{EC792690-5D01-41EA-BF61-DBF885E461ED}.Release|Any CPU.ActiveCfg = Release|Any CPU
		{EC792690-5D01-41EA-BF61-DBF885E461ED}.Release|Any CPU.Build.0 = Release|Any CPU
		{B1F00146-CFBE-4EF0-B460-F2C499BC330F}.Debug|Any CPU.ActiveCfg = Debug|Any CPU
		{B1F00146-CFBE-4EF0-B460-F2C499BC330F}.Debug|Any CPU.Build.0 = Debug|Any CPU
		{B1F00146-CFBE-4EF0-B460-F2C499BC330F}.Release|Any CPU.ActiveCfg = Release|Any CPU
		{B1F00146-CFBE-4EF0-B460-F2C499BC330F}.Release|Any CPU.Build.0 = Release|Any CPU
	EndGlobalSection
	GlobalSection(SolutionProperties) = preSolution
		HideSolutionNode = FALSE
	EndGlobalSection
	GlobalSection(ExtensibilityGlobals) = postSolution
		SolutionGuid = {8AEA0B95-C4EE-42AA-B53F-43D0A3CADD7C}
	EndGlobalSection
EndGlobal
